
Microsoft Visual Studio Solution File, Format Version 11.00
# Visual C++ Express 2010
Project("{8BC9CEB8-8B4A-11D0-8D11-00A0C91BC942}") = "aec", "aec\aec.vcxproj", "{3667F269-AA15-44CF-AE21-4EC9C12E424B}"
EndProject
Global
	GlobalSection(SolutionConfigurationPlatforms) = preSolution
		Debug|Win32 = Debug|Win32
		Release|Win32 = Release|Win32
	EndGlobalSection
	GlobalSection(ProjectConfigurationPlatforms) = postSolution
		{3667F269-AA15-44CF-AE21-4EC9C12E424B}.Debug|Win32.ActiveCfg = Debug|Win32
		{3667F269-AA15-44CF-AE21-4EC9C12E424B}.Debug|Win32.Build.0 = Debug|Win32
		{3667F269-AA15-44CF-AE21-4EC9C12E424B}.Release|Win32.ActiveCfg = Release|Win32
		{3667F269-AA15-44CF-AE21-4EC9C12E424B}.Release|Win32.Build.0 = Release|Win32
	EndGlobalSection
	GlobalSection(SolutionProperties) = preSolution
		HideSolutionNode = FALSE
	EndGlobalSection
EndGlobal
